
Microsoft Visual Studio Solution File, Format Version 12.00
# Visual Studio 14
VisualStudioVersion = 14.0.23107.0
MinimumVisualStudioVersion = 10.0.40219.1
Project("{F184B08F-C81C-45F6-A57F-5ABD9991F28F}") = "AMKOR_Weight_Measurement", "AMKOR_Weight_Measurement\AMKOR_Weight_Measurement.vbproj", "{E6EF75F3-3402-4D56-BA15-3738476CBCDB}"
EndProject
Global
	GlobalSection(SolutionConfigurationPlatforms) = preSolution
		Debug|Any CPU = Debug|Any CPU
		Release|Any CPU = Release|Any CPU
	EndGlobalSection
	GlobalSection(ProjectConfigurationPlatforms) = postSolution
		{E6EF75F3-3402-4D56-BA15-3738476CBCDB}.Debug|Any CPU.ActiveCfg = Debug|Any CPU
		{E6EF75F3-3402-4D56-BA15-3738476CBCDB}.Debug|Any CPU.Build.0 = Debug|Any CPU
		{E6EF75F3-3402-4D56-BA15-3738476CBCDB}.Release|Any CPU.ActiveCfg = Release|Any CPU
		{E6EF75F3-3402-4D56-BA15-3738476CBCDB}.Release|Any CPU.Build.0 = Release|Any CPU
	EndGlobalSection
	GlobalSection(SolutionProperties) = preSolution
		HideSolutionNode = FALSE
	EndGlobalSection
EndGlobal
